
Microsoft Visual Studio Solution File, Format Version 12.00
# Visual Studio Version 17
VisualStudioVersion = 17.8.34511.84
MinimumVisualStudioVersion = 10.0.40219.1
Project("{FAE04EC0-301F-11D3-BF4B-00C04F79EFBC}") = "Work2", "Work2\Work2.csproj", "{32D70EEC-4B04-4803-90F4-3AC757E2F9CD}"
EndProject
Global
	GlobalSection(SolutionConfigurationPlatforms) = preSolution
		Debug|Any CPU = Debug|Any CPU
		Release|Any CPU = Release|Any CPU
	EndGlobalSection
	GlobalSection(ProjectConfigurationPlatforms) = postSolution
		{32D70EEC-4B04-4803-90F4-3AC757E2F9CD}.Debug|Any CPU.ActiveCfg = Debug|Any CPU
		{32D70EEC-4B04-4803-90F4-3AC757E2F9CD}.Debug|Any CPU.Build.0 = Debug|Any CPU
		{32D70EEC-4B04-4803-90F4-3AC757E2F9CD}.Release|Any CPU.ActiveCfg = Release|Any CPU
		{32D70EEC-4B04-4803-90F4-3AC757E2F9CD}.Release|Any CPU.Build.0 = Release|Any CPU
	EndGlobalSection
	GlobalSection(SolutionProperties) = preSolution
		HideSolutionNode = FALSE
	EndGlobalSection
	GlobalSection(ExtensibilityGlobals) = postSolution
		SolutionGuid = {53E05542-C510-4884-918B-B1E3879E363B}
	EndGlobalSection
EndGlobal
